
Microsoft Visual Studio Solution File, Format Version 12.00
# Visual Studio Version 17
VisualStudioVersion = 17.14.36327.8 d17.14
MinimumVisualStudioVersion = 10.0.40219.1
Project("{FAE04EC0-301F-11D3-BF4B-00C04F79EFBC}") = "PokeConsole", "PokeConsole\PokeConsole.csproj", "{73D4A814-AAFA-46B0-924A-99BEC09FA4CD}"
EndProject
Global
	GlobalSection(SolutionConfigurationPlatforms) = preSolution
		Debug|Any CPU = Debug|Any CPU
		Release|Any CPU = Release|Any CPU
	EndGlobalSection
	GlobalSection(ProjectConfigurationPlatforms) = postSolution
		{73D4A814-AAFA-46B0-924A-99BEC09FA4CD}.Debug|Any CPU.ActiveCfg = Debug|Any CPU
		{73D4A814-AAFA-46B0-924A-99BEC09FA4CD}.Debug|Any CPU.Build.0 = Debug|Any CPU
		{73D4A814-AAFA-46B0-924A-99BEC09FA4CD}.Release|Any CPU.ActiveCfg = Release|Any CPU
		{73D4A814-AAFA-46B0-924A-99BEC09FA4CD}.Release|Any CPU.Build.0 = Release|Any CPU
	EndGlobalSection
	GlobalSection(SolutionProperties) = preSolution
		HideSolutionNode = FALSE
	EndGlobalSection
	GlobalSection(ExtensibilityGlobals) = postSolution
		SolutionGuid = {7E8FD009-8039-4429-9304-983C0EA22A44}
	EndGlobalSection
EndGlobal
